
Microsoft Visual Studio Solution File, Format Version 12.00
# Visual Studio Version 16
VisualStudioVersion = 16.0.29020.237
MinimumVisualStudioVersion = 10.0.40219.1
Project("{FAE04EC0-301F-11D3-BF4B-00C04F79EFBC}") = "Dictionaries", "Dictionaries\Dictionaries.csproj", "{E0264822-1327-421B-8EFC-EB30DAC25012}"
EndProject
Global
	GlobalSection(SolutionConfigurationPlatforms) = preSolution
		Debug|Any CPU = Debug|Any CPU
		Release|Any CPU = Release|Any CPU
	EndGlobalSection
	GlobalSection(ProjectConfigurationPlatforms) = postSolution
		{E0264822-1327-421B-8EFC-EB30DAC25012}.Debug|Any CPU.ActiveCfg = Debug|Any CPU
		{E0264822-1327-421B-8EFC-EB30DAC25012}.Debug|Any CPU.Build.0 = Debug|Any CPU
		{E0264822-1327-421B-8EFC-EB30DAC25012}.Release|Any CPU.ActiveCfg = Release|Any CPU
		{E0264822-1327-421B-8EFC-EB30DAC25012}.Release|Any CPU.Build.0 = Release|Any CPU
	EndGlobalSection
	GlobalSection(SolutionProperties) = preSolution
		HideSolutionNode = FALSE
	EndGlobalSection
	GlobalSection(ExtensibilityGlobals) = postSolution
		SolutionGuid = {9633EFD0-A983-4E44-B07D-92CFCF00C66A}
	EndGlobalSection
EndGlobal
